
Microsoft Visual Studio Solution File, Format Version 12.00
# Visual Studio Version 16
VisualStudioVersion = 16.0.32002.261
MinimumVisualStudioVersion = 10.0.40219.1
Project("{FAE04EC0-301F-11D3-BF4B-00C04F79EFBC}") = "StudentService", "StudentService.csproj", "{EF313761-C7FA-42DE-84CB-1ED828E8AD85}"
EndProject
Global
	GlobalSection(SolutionConfigurationPlatforms) = preSolution
		Debug|Any CPU = Debug|Any CPU
		Release|Any CPU = Release|Any CPU
	EndGlobalSection
	GlobalSection(ProjectConfigurationPlatforms) = postSolution
		{EF313761-C7FA-42DE-84CB-1ED828E8AD85}.Debug|Any CPU.ActiveCfg = Debug|Any CPU
		{EF313761-C7FA-42DE-84CB-1ED828E8AD85}.Debug|Any CPU.Build.0 = Debug|Any CPU
		{EF313761-C7FA-42DE-84CB-1ED828E8AD85}.Release|Any CPU.ActiveCfg = Release|Any CPU
		{EF313761-C7FA-42DE-84CB-1ED828E8AD85}.Release|Any CPU.Build.0 = Release|Any CPU
	EndGlobalSection
	GlobalSection(SolutionProperties) = preSolution
		HideSolutionNode = FALSE
	EndGlobalSection
	GlobalSection(ExtensibilityGlobals) = postSolution
		SolutionGuid = {E6DFE0F6-5B38-4B4D-9800-1B6B2B372702}
	EndGlobalSection
EndGlobal
