
Microsoft Visual Studio Solution File, Format Version 12.00
# Visual Studio Version 16
VisualStudioVersion = 16.0.32002.261
MinimumVisualStudioVersion = 10.0.40219.1
Project("{FAE04EC0-301F-11D3-BF4B-00C04F79EFBC}") = "MovieWebAPI", "MovieWebAPI.csproj", "{BDFC2B69-F994-483F-8FD7-897E31EDAE9C}"
EndProject
Global
	GlobalSection(SolutionConfigurationPlatforms) = preSolution
		Debug|Any CPU = Debug|Any CPU
		Release|Any CPU = Release|Any CPU
	EndGlobalSection
	GlobalSection(ProjectConfigurationPlatforms) = postSolution
		{BDFC2B69-F994-483F-8FD7-897E31EDAE9C}.Debug|Any CPU.ActiveCfg = Debug|Any CPU
		{BDFC2B69-F994-483F-8FD7-897E31EDAE9C}.Debug|Any CPU.Build.0 = Debug|Any CPU
		{BDFC2B69-F994-483F-8FD7-897E31EDAE9C}.Release|Any CPU.ActiveCfg = Release|Any CPU
		{BDFC2B69-F994-483F-8FD7-897E31EDAE9C}.Release|Any CPU.Build.0 = Release|Any CPU
	EndGlobalSection
	GlobalSection(SolutionProperties) = preSolution
		HideSolutionNode = FALSE
	EndGlobalSection
	GlobalSection(ExtensibilityGlobals) = postSolution
		SolutionGuid = {88F58EE2-B16C-437A-A22A-B384C37B9367}
	EndGlobalSection
EndGlobal
